
Microsoft Visual Studio Solution File, Format Version 12.00
Project("{2150E333-8FDC-42A3-9474-1A3956D46DE8}") = "Solution Items", "Solution Items", "{F59039BA-D332-4E02-8EF2-616529D6A023}"
	ProjectSection(SolutionItems) = preProject
		compose.yaml = compose.yaml
	EndProjectSection
EndProject
Project("{2150E333-8FDC-42A3-9474-1A3956D46DE8}") = "src", "src", "{827E0CD3-B72D-47B6-A68D-7590B98EB39B}"
EndProject
Project("{FAE04EC0-301F-11D3-BF4B-00C04F79EFBC}") = "LearningApp", "src\LearningApp\LearningApp.csproj", "{DF37182C-F213-4FD5-825B-82053832F304}"
EndProject
Project("{FAE04EC0-301F-11D3-BF4B-00C04F79EFBC}") = "LearningApp.Tests", "tests\LearningApp.Tests\LearningApp.Tests.csproj", "{AB5EF22B-85D4-487D-8CDE-6AA2ABA394CF}"
EndProject
Global
	GlobalSection(SolutionConfigurationPlatforms) = preSolution
		Debug|Any CPU = Debug|Any CPU
		Debug|x64 = Debug|x64
		Debug|x86 = Debug|x86
		Release|Any CPU = Release|Any CPU
		Release|x64 = Release|x64
		Release|x86 = Release|x86
	EndGlobalSection
	GlobalSection(ProjectConfigurationPlatforms) = postSolution
		{DF37182C-F213-4FD5-825B-82053832F304}.Debug|Any CPU.ActiveCfg = Debug|Any CPU
		{DF37182C-F213-4FD5-825B-82053832F304}.Debug|Any CPU.Build.0 = Debug|Any CPU
		{DF37182C-F213-4FD5-825B-82053832F304}.Debug|x64.ActiveCfg = Debug|Any CPU
		{DF37182C-F213-4FD5-825B-82053832F304}.Debug|x64.Build.0 = Debug|Any CPU
		{DF37182C-F213-4FD5-825B-82053832F304}.Debug|x86.ActiveCfg = Debug|Any CPU
		{DF37182C-F213-4FD5-825B-82053832F304}.Debug|x86.Build.0 = Debug|Any CPU
		{DF37182C-F213-4FD5-825B-82053832F304}.Release|Any CPU.ActiveCfg = Release|Any CPU
		{DF37182C-F213-4FD5-825B-82053832F304}.Release|Any CPU.Build.0 = Release|Any CPU
		{DF37182C-F213-4FD5-825B-82053832F304}.Release|x64.ActiveCfg = Release|Any CPU
		{DF37182C-F213-4FD5-825B-82053832F304}.Release|x64.Build.0 = Release|Any CPU
		{DF37182C-F213-4FD5-825B-82053832F304}.Release|x86.ActiveCfg = Release|Any CPU
		{DF37182C-F213-4FD5-825B-82053832F304}.Release|x86.Build.0 = Release|Any CPU
		{AB5EF22B-85D4-487D-8CDE-6AA2ABA394CF}.Debug|Any CPU.ActiveCfg = Debug|Any CPU
		{AB5EF22B-85D4-487D-8CDE-6AA2ABA394CF}.Debug|Any CPU.Build.0 = Debug|Any CPU
		{AB5EF22B-85D4-487D-8CDE-6AA2ABA394CF}.Debug|x64.ActiveCfg = Debug|Any CPU
		{AB5EF22B-85D4-487D-8CDE-6AA2ABA394CF}.Debug|x64.Build.0 = Debug|Any CPU
		{AB5EF22B-85D4-487D-8CDE-6AA2ABA394CF}.Debug|x86.ActiveCfg = Debug|Any CPU
		{AB5EF22B-85D4-487D-8CDE-6AA2ABA394CF}.Debug|x86.Build.0 = Debug|Any CPU
		{AB5EF22B-85D4-487D-8CDE-6AA2ABA394CF}.Release|Any CPU.ActiveCfg = Release|Any CPU
		{AB5EF22B-85D4-487D-8CDE-6AA2ABA394CF}.Release|Any CPU.Build.0 = Release|Any CPU
		{AB5EF22B-85D4-487D-8CDE-6AA2ABA394CF}.Release|x64.ActiveCfg = Release|Any CPU
		{AB5EF22B-85D4-487D-8CDE-6AA2ABA394CF}.Release|x64.Build.0 = Release|Any CPU
		{AB5EF22B-85D4-487D-8CDE-6AA2ABA394CF}.Release|x86.ActiveCfg = Release|Any CPU
		{AB5EF22B-85D4-487D-8CDE-6AA2ABA394CF}.Release|x86.Build.0 = Release|Any CPU
	EndGlobalSection
	GlobalSection(SolutionProperties) = preSolution
		HideSolutionNode = FALSE
	EndGlobalSection
	GlobalSection(NestedProjects) = preSolution
		{DF37182C-F213-4FD5-825B-82053832F304} = {827E0CD3-B72D-47B6-A68D-7590B98EB39B}
		{AB5EF22B-85D4-487D-8CDE-6AA2ABA394CF} = {827E0CD3-B72D-47B6-A68D-7590B98EB39B}
	EndGlobalSection
EndGlobal
